
Microsoft Visual Studio Solution File, Format Version 12.00
# Visual Studio 2017
Project("{FAE04EC0-301F-11D3-BF4B-00C04F79EFBC}") = "GMTB Sys", "GMTB Sys.csproj", "{318C710E-62B2-0F01-3EE0-E5E1C0D2BBF1}"
EndProject
Global
	GlobalSection(SolutionConfigurationPlatforms) = preSolution
		Debug|Any CPU = Debug|Any CPU
		Release|Any CPU = Release|Any CPU
	EndGlobalSection
	GlobalSection(ProjectConfigurationPlatforms) = postSolution
		{318C710E-62B2-0F01-3EE0-E5E1C0D2BBF1}.Debug|Any CPU.ActiveCfg = Debug|Any CPU
		{318C710E-62B2-0F01-3EE0-E5E1C0D2BBF1}.Debug|Any CPU.Build.0 = Debug|Any CPU
		{318C710E-62B2-0F01-3EE0-E5E1C0D2BBF1}.Release|Any CPU.ActiveCfg = Release|Any CPU
		{318C710E-62B2-0F01-3EE0-E5E1C0D2BBF1}.Release|Any CPU.Build.0 = Release|Any CPU
	EndGlobalSection
	GlobalSection(SolutionProperties) = preSolution
		HideSolutionNode = FALSE
	EndGlobalSection
EndGlobal
